
Microsoft Visual Studio Solution File, Format Version 12.00
# Visual Studio Version 16
VisualStudioVersion = 16.0.31424.327
MinimumVisualStudioVersion = 10.0.40219.1
Project("{FAE04EC0-301F-11D3-BF4B-00C04F79EFBC}") = "Parky.API", "Parky.API\Parky.API.csproj", "{16C346A9-2F71-4E1F-B424-92D947AA0DDE}"
EndProject
Global
	GlobalSection(SolutionConfigurationPlatforms) = preSolution
		Debug|Any CPU = Debug|Any CPU
		Release|Any CPU = Release|Any CPU
	EndGlobalSection
	GlobalSection(ProjectConfigurationPlatforms) = postSolution
		{16C346A9-2F71-4E1F-B424-92D947AA0DDE}.Debug|Any CPU.ActiveCfg = Debug|Any CPU
		{16C346A9-2F71-4E1F-B424-92D947AA0DDE}.Debug|Any CPU.Build.0 = Debug|Any CPU
		{16C346A9-2F71-4E1F-B424-92D947AA0DDE}.Release|Any CPU.ActiveCfg = Release|Any CPU
		{16C346A9-2F71-4E1F-B424-92D947AA0DDE}.Release|Any CPU.Build.0 = Release|Any CPU
	EndGlobalSection
	GlobalSection(SolutionProperties) = preSolution
		HideSolutionNode = FALSE
	EndGlobalSection
	GlobalSection(ExtensibilityGlobals) = postSolution
		SolutionGuid = {FA4E31F0-E212-47EC-AB8D-DCFA9E26CF7C}
	EndGlobalSection
EndGlobal
